{
    "_meta": {
        "hash": {
            "sha256": "8a656d0b5cffb48eca2194f8f6e0020ab866db93f2dd030b1ff80424e5dbe923"
        },
        "pipfile-spec": 6,
        "requires": {
            "python_version": "3.9"
        },
        "sources": [
            {
                "name": "pypi",
                "url": "https://pypi.org/simple",
                "verify_ssl": true
            }
        ]
    },
    "default": {
        "ccss2edr": {
            "editable": true,
            "path": "."
        }
    },
    "develop": {}
}
